
Microsoft Visual Studio Solution File, Format Version 12.00
# Visual Studio Version 16
VisualStudioVersion = 16.0.29326.143
MinimumVisualStudioVersion = 10.0.40219.1
Project("{FAE04EC0-301F-11D3-BF4B-00C04F79EFBC}") = "MLex.API", "MLex.API\MLex.API.csproj", "{4F93667F-AB52-4BFD-9B0A-ABBC273A60DE}"
EndProject
Global
	GlobalSection(SolutionConfigurationPlatforms) = preSolution
		Debug|Any CPU = Debug|Any CPU
		Release|Any CPU = Release|Any CPU
	EndGlobalSection
	GlobalSection(ProjectConfigurationPlatforms) = postSolution
		{4F93667F-AB52-4BFD-9B0A-ABBC273A60DE}.Debug|Any CPU.ActiveCfg = Debug|Any CPU
		{4F93667F-AB52-4BFD-9B0A-ABBC273A60DE}.Debug|Any CPU.Build.0 = Debug|Any CPU
		{4F93667F-AB52-4BFD-9B0A-ABBC273A60DE}.Release|Any CPU.ActiveCfg = Release|Any CPU
		{4F93667F-AB52-4BFD-9B0A-ABBC273A60DE}.Release|Any CPU.Build.0 = Release|Any CPU
	EndGlobalSection
	GlobalSection(SolutionProperties) = preSolution
		HideSolutionNode = FALSE
	EndGlobalSection
	GlobalSection(ExtensibilityGlobals) = postSolution
		SolutionGuid = {306854B7-367D-4006-89F3-6C7C3224209A}
	EndGlobalSection
EndGlobal
